// !$*UTF8*$!
{
	archiveVersion = 1;
	classes = {
	};
	objectVersion = 77;
	objects = {

/* Begin PBXBuildFile section */
		AB9608BD202A010CF5A146D3 /* AppDelegate.swift in Sources */ = {isa = PBXBuildFile; fileRef = 959F7BC197307705C7169D78 /* AppDelegate.swift */; };
		DD2862DB5B72306B61143EDC /* DebugDylibDemoTests.swift in Sources */ = {isa = PBXBuildFile; fileRef = EBD08B1C3B8317F584E1DD97 /* DebugDylibDemoTests.swift */; };
/* End PBXBuildFile section */

/* Begin PBXContainerItemProxy section */
		6C0A6CAC735EB1416022B3C9 /* PBXContainerItemProxy */ = {
			isa = PBXContainerItemProxy;
			containerPortal = 7DAC1ED1EF5CBBE7D4F9947E /* Project object */;
			proxyType = 1;
			remoteGlobalIDString = 7A6D6EA7CCA8753AE29CEF9B;
			remoteInfo = DebugDylibDemo;
		};
/* End PBXContainerItemProxy section */

/* Begin PBXFileReference section */
		1A145D5F303F2EACD4C1C2E3 /* DebugDylibDemo.app */ = {isa = PBXFileReference; includeInIndex = 0; lastKnownFileType = wrapper.application; path = DebugDylibDemo.app; sourceTree = BUILT_PRODUCTS_DIR; };
		959F7BC197307705C7169D78 /* AppDelegate.swift */ = {isa = PBXFileReference; lastKnownFileType = sourcecode.swift; path = AppDelegate.swift; sourceTree = "<group>"; };
		C136C17AB9CA544908385B6A /* DebugDylibDemoTests.xctest */ = {isa = PBXFileReference; includeInIndex = 0; lastKnownFileType = wrapper.cfbundle; path = DebugDylibDemoTests.xctest; sourceTree = BUILT_PRODUCTS_DIR; };
		EBD08B1C3B8317F584E1DD97 /* DebugDylibDemoTests.swift */ = {isa = PBXFileReference; lastKnownFileType = sourcecode.swift; path = DebugDylibDemoTests.swift; sourceTree = "<group>"; };
/* End PBXFileReference section */

/* Begin PBXGroup section */
		02897ED853DD84E5E859EE32 /* Sources */ = {
			isa = PBXGroup;
			children = (
				959F7BC197307705C7169D78 /* AppDelegate.swift */,
			);
			path = Sources;
			sourceTree = "<group>";
		};
		673269B20D45574AC47741D9 /* Products */ = {
			isa = PBXGroup;
			children = (
				1A145D5F303F2EACD4C1C2E3 /* DebugDylibDemo.app */,
				C136C17AB9CA544908385B6A /* DebugDylibDemoTests.xctest */,
			);
			name = Products;
			sourceTree = "<group>";
		};
		7E455A2F443072595F77F0D4 /* Tests */ = {
			isa = PBXGroup;
			children = (
				EBD08B1C3B8317F584E1DD97 /* DebugDylibDemoTests.swift */,
			);
			path = Tests;
			sourceTree = "<group>";
		};
		BAF32C8ABBD10A86DD10C152 = {
			isa = PBXGroup;
			children = (
				02897ED853DD84E5E859EE32 /* Sources */,
				7E455A2F443072595F77F0D4 /* Tests */,
				673269B20D45574AC47741D9 /* Products */,
			);
			sourceTree = "<group>";
		};
/* End PBXGroup section */

/* Begin PBXNativeTarget section */
		7A6D6EA7CCA8753AE29CEF9B /* DebugDylibDemo */ = {
			isa = PBXNativeTarget;
			buildConfigurationList = 81B8A1E7EC1E12AEAE48B4FA /* Build configuration list for PBXNativeTarget "DebugDylibDemo" */;
			buildPhases = (
				D357743810C5A0C259AD6BDB /* Sources */,
			);
			buildRules = (
			);
			dependencies = (
			);
			name = DebugDylibDemo;
			packageProductDependencies = (
			);
			productName = DebugDylibDemo;
			productReference = 1A145D5F303F2EACD4C1C2E3 /* DebugDylibDemo.app */;
			productType = "com.apple.product-type.application";
		};
		BFE83C0261572BB67D70244B /* DebugDylibDemoTests */ = {
			isa = PBXNativeTarget;
			buildConfigurationList = B4EA0CF1D2F96A30E313FDC3 /* Build configuration list for PBXNativeTarget "DebugDylibDemoTests" */;
			buildPhases = (
				A9846D575931A88758ACE224 /* Sources */,
			);
			buildRules = (
			);
			dependencies = (
				9BE0660F97E07C9E2B1142F5 /* PBXTargetDependency */,
			);
			name = DebugDylibDemoTests;
			packageProductDependencies = (
			);
			productName = DebugDylibDemoTests;
			productReference = C136C17AB9CA544908385B6A /* DebugDylibDemoTests.xctest */;
			productType = "com.apple.product-type.bundle.unit-test";
		};
/* End PBXNativeTarget section */

/* Begin PBXProject section */
		7DAC1ED1EF5CBBE7D4F9947E /* Project object */ = {
			isa = PBXProject;
			attributes = {
				BuildIndependentTargetsInParallel = YES;
				LastUpgradeCheck = 1430;
				TargetAttributes = {
				};
			};
			buildConfigurationList = 77C1F55E6C48D14D03CC642A /* Build configuration list for PBXProject "DebugDylibDemo" */;
			developmentRegion = en;
			hasScannedForEncodings = 0;
			knownRegions = (
				Base,
				en,
			);
			mainGroup = BAF32C8ABBD10A86DD10C152;
			minimizedProjectReferenceProxies = 1;
			preferredProjectObjectVersion = 77;
			productRefGroup = 673269B20D45574AC47741D9 /* Products */;
			projectDirPath = "";
			projectRoot = "";
			targets = (
				7A6D6EA7CCA8753AE29CEF9B /* DebugDylibDemo */,
				BFE83C0261572BB67D70244B /* DebugDylibDemoTests */,
			);
		};
/* End PBXProject section */

/* Begin PBXSourcesBuildPhase section */
		A9846D575931A88758ACE224 /* Sources */ = {
			isa = PBXSourcesBuildPhase;
			buildActionMask = 2147483647;
			files = (
				DD2862DB5B72306B61143EDC /* DebugDylibDemoTests.swift in Sources */,
			);
			runOnlyForDeploymentPostprocessing = 0;
		};
		D357743810C5A0C259AD6BDB /* Sources */ = {
			isa = PBXSourcesBuildPhase;
			buildActionMask = 2147483647;
			files = (
				AB9608BD202A010CF5A146D3 /* AppDelegate.swift in Sources */,
			);
			runOnlyForDeploymentPostprocessing = 0;
		};
/* End PBXSourcesBuildPhase section */

/* Begin PBXTargetDependency section */
		9BE0660F97E07C9E2B1142F5 /* PBXTargetDependency */ = {
			isa = PBXTargetDependency;
			target = 7A6D6EA7CCA8753AE29CEF9B /* DebugDylibDemo */;
			targetProxy = 6C0A6CAC735EB1416022B3C9 /* PBXContainerItemProxy */;
		};
/* End PBXTargetDependency section */

/* Begin XCBuildConfiguration section */
		6C883C4B3561D8EAB6DD2EE7 /* Release */ = {
			isa = XCBuildConfiguration;
			buildSettings = {
				BUNDLE_LOADER = "$(TEST_HOST)";
				GENERATE_INFOPLIST_FILE = YES;
				LD_RUNPATH_SEARCH_PATHS = (
					"$(inherited)",
					"@executable_path/Frameworks",
					"@loader_path/Frameworks",
				);
				PRODUCT_BUNDLE_IDENTIFIER = dev.mutare.fixture.DebugDylibDemoTests;
				SDKROOT = iphoneos;
				TARGETED_DEVICE_FAMILY = "1,2";
				TEST_HOST = "$(BUILT_PRODUCTS_DIR)/DebugDylibDemo.app/DebugDylibDemo";
			};
			name = Release;
		};
		70A5BBCAB08FB4F058E365F9 /* Release */ = {
			isa = XCBuildConfiguration;
			buildSettings = {
				ASSETCATALOG_COMPILER_APPICON_NAME = AppIcon;
				CODE_SIGN_IDENTITY = "iPhone Developer";
				GENERATE_INFOPLIST_FILE = YES;
				LD_RUNPATH_SEARCH_PATHS = (
					"$(inherited)",
					"@executable_path/Frameworks",
				);
				PRODUCT_BUNDLE_IDENTIFIER = dev.mutare.fixture.DebugDylibDemo;
				SDKROOT = iphoneos;
				TARGETED_DEVICE_FAMILY = "1,2";
			};
			name = Release;
		};
		7817A45C8B5EBAF1C3F7D8DF /* Release */ = {
			isa = XCBuildConfiguration;
			buildSettings = {
				ALWAYS_SEARCH_USER_PATHS = NO;
				CLANG_ANALYZER_NONNULL = YES;
				CLANG_ANALYZER_NUMBER_OBJECT_CONVERSION = YES_AGGRESSIVE;
				CLANG_CXX_LANGUAGE_STANDARD = "gnu++14";
				CLANG_CXX_LIBRARY = "libc++";
				CLANG_ENABLE_MODULES = YES;
				CLANG_ENABLE_OBJC_ARC = YES;
				CLANG_ENABLE_OBJC_WEAK = YES;
				CLANG_WARN_BLOCK_CAPTURE_AUTORELEASING = YES;
				CLANG_WARN_BOOL_CONVERSION = YES;
				CLANG_WARN_COMMA = YES;
				CLANG_WARN_CONSTANT_CONVERSION = YES;
				CLANG_WARN_DEPRECATED_OBJC_IMPLEMENTATIONS = YES;
				CLANG_WARN_DIRECT_OBJC_ISA_USAGE = YES_ERROR;
				CLANG_WARN_DOCUMENTATION_COMMENTS = YES;
				CLANG_WARN_EMPTY_BODY = YES;
				CLANG_WARN_ENUM_CONVERSION = YES;
				CLANG_WARN_INFINITE_RECURSION = YES;
				CLANG_WARN_INT_CONVERSION = YES;
				CLANG_WARN_NON_LITERAL_NULL_CONVERSION = YES;
				CLANG_WARN_OBJC_IMPLICIT_RETAIN_SELF = YES;
				CLANG_WARN_OBJC_LITERAL_CONVERSION = YES;
				CLANG_WARN_OBJC_ROOT_CLASS = YES_ERROR;
				CLANG_WARN_QUOTED_INCLUDE_IN_FRAMEWORK_HEADER = YES;
				CLANG_WARN_RANGE_LOOP_ANALYSIS = YES;
				CLANG_WARN_STRICT_PROTOTYPES = YES;
				CLANG_WARN_SUSPICIOUS_MOVE = YES;
				CLANG_WARN_UNGUARDED_AVAILABILITY = YES_AGGRESSIVE;
				CLANG_WARN_UNREACHABLE_CODE = YES;
				CLANG_WARN__DUPLICATE_METHOD_MATCH = YES;
				COPY_PHASE_STRIP = NO;
				DEBUG_INFORMATION_FORMAT = "dwarf-with-dsym";
				ENABLE_NS_ASSERTIONS = NO;
				ENABLE_STRICT_OBJC_MSGSEND = YES;
				GCC_C_LANGUAGE_STANDARD = gnu11;
				GCC_NO_COMMON_BLOCKS = YES;
				GCC_WARN_64_TO_32_BIT_CONVERSION = YES;
				GCC_WARN_ABOUT_RETURN_TYPE = YES_ERROR;
				GCC_WARN_UNDECLARED_SELECTOR = YES;
				GCC_WARN_UNINITIALIZED_AUTOS = YES_AGGRESSIVE;
				GCC_WARN_UNUSED_FUNCTION = YES;
				GCC_WARN_UNUSED_VARIABLE = YES;
				IPHONEOS_DEPLOYMENT_TARGET = 17.0;
				MTL_ENABLE_DEBUG_INFO = NO;
				MTL_FAST_MATH = YES;
				PRODUCT_NAME = "$(TARGET_NAME)";
				SDKROOT = iphoneos;
				SWIFT_COMPILATION_MODE = wholemodule;
				SWIFT_OPTIMIZATION_LEVEL = "-O";
				SWIFT_VERSION = 5.0;
			};
			name = Release;
		};
		7E1D0771648821055CA65CCD /* Debug */ = {
			isa = XCBuildConfiguration;
			buildSettings = {
				BUNDLE_LOADER = "$(TEST_HOST)";
				GENERATE_INFOPLIST_FILE = YES;
				LD_RUNPATH_SEARCH_PATHS = (
					"$(inherited)",
					"@executable_path/Frameworks",
					"@loader_path/Frameworks",
				);
				PRODUCT_BUNDLE_IDENTIFIER = dev.mutare.fixture.DebugDylibDemoTests;
				SDKROOT = iphoneos;
				TARGETED_DEVICE_FAMILY = "1,2";
				TEST_HOST = "$(BUILT_PRODUCTS_DIR)/DebugDylibDemo.app/DebugDylibDemo";
			};
			name = Debug;
		};
		7EA13F0BEAC89BC466AF73F9 /* Debug */ = {
			isa = XCBuildConfiguration;
			buildSettings = {
				ALWAYS_SEARCH_USER_PATHS = NO;
				CLANG_ANALYZER_NONNULL = YES;
				CLANG_ANALYZER_NUMBER_OBJECT_CONVERSION = YES_AGGRESSIVE;
				CLANG_CXX_LANGUAGE_STANDARD = "gnu++14";
				CLANG_CXX_LIBRARY = "libc++";
				CLANG_ENABLE_MODULES = YES;
				CLANG_ENABLE_OBJC_ARC = YES;
				CLANG_ENABLE_OBJC_WEAK = YES;
				CLANG_WARN_BLOCK_CAPTURE_AUTORELEASING = YES;
				CLANG_WARN_BOOL_CONVERSION = YES;
				CLANG_WARN_COMMA = YES;
				CLANG_WARN_CONSTANT_CONVERSION = YES;
				CLANG_WARN_DEPRECATED_OBJC_IMPLEMENTATIONS = YES;
				CLANG_WARN_DIRECT_OBJC_ISA_USAGE = YES_ERROR;
				CLANG_WARN_DOCUMENTATION_COMMENTS = YES;
				CLANG_WARN_EMPTY_BODY = YES;
				CLANG_WARN_ENUM_CONVERSION = YES;
				CLANG_WARN_INFINITE_RECURSION = YES;
				CLANG_WARN_INT_CONVERSION = YES;
				CLANG_WARN_NON_LITERAL_NULL_CONVERSION = YES;
				CLANG_WARN_OBJC_IMPLICIT_RETAIN_SELF = YES;
				CLANG_WARN_OBJC_LITERAL_CONVERSION = YES;
				CLANG_WARN_OBJC_ROOT_CLASS = YES_ERROR;
				CLANG_WARN_QUOTED_INCLUDE_IN_FRAMEWORK_HEADER = YES;
				CLANG_WARN_RANGE_LOOP_ANALYSIS = YES;
				CLANG_WARN_STRICT_PROTOTYPES = YES;
				CLANG_WARN_SUSPICIOUS_MOVE = YES;
				CLANG_WARN_UNGUARDED_AVAILABILITY = YES_AGGRESSIVE;
				CLANG_WARN_UNREACHABLE_CODE = YES;
				CLANG_WARN__DUPLICATE_METHOD_MATCH = YES;
				COPY_PHASE_STRIP = NO;
				DEBUG_INFORMATION_FORMAT = dwarf;
				ENABLE_STRICT_OBJC_MSGSEND = YES;
				ENABLE_TESTABILITY = YES;
				GCC_C_LANGUAGE_STANDARD = gnu11;
				GCC_DYNAMIC_NO_PIC = NO;
				GCC_NO_COMMON_BLOCKS = YES;
				GCC_OPTIMIZATION_LEVEL = 0;
				GCC_PREPROCESSOR_DEFINITIONS = (
					"$(inherited)",
					"DEBUG=1",
				);
				GCC_WARN_64_TO_32_BIT_CONVERSION = YES;
				GCC_WARN_ABOUT_RETURN_TYPE = YES_ERROR;
				GCC_WARN_UNDECLARED_SELECTOR = YES;
				GCC_WARN_UNINITIALIZED_AUTOS = YES_AGGRESSIVE;
				GCC_WARN_UNUSED_FUNCTION = YES;
				GCC_WARN_UNUSED_VARIABLE = YES;
				IPHONEOS_DEPLOYMENT_TARGET = 17.0;
				MTL_ENABLE_DEBUG_INFO = INCLUDE_SOURCE;
				MTL_FAST_MATH = YES;
				ONLY_ACTIVE_ARCH = YES;
				PRODUCT_NAME = "$(TARGET_NAME)";
				SDKROOT = iphoneos;
				SWIFT_ACTIVE_COMPILATION_CONDITIONS = DEBUG;
				SWIFT_OPTIMIZATION_LEVEL = "-Onone";
				SWIFT_VERSION = 5.0;
			};
			name = Debug;
		};
		F1DF09E1A6BDE9D922BF837E /* Debug */ = {
			isa = XCBuildConfiguration;
			buildSettings = {
				ASSETCATALOG_COMPILER_APPICON_NAME = AppIcon;
				CODE_SIGN_IDENTITY = "iPhone Developer";
				GENERATE_INFOPLIST_FILE = YES;
				LD_RUNPATH_SEARCH_PATHS = (
					"$(inherited)",
					"@executable_path/Frameworks",
				);
				PRODUCT_BUNDLE_IDENTIFIER = dev.mutare.fixture.DebugDylibDemo;
				SDKROOT = iphoneos;
				TARGETED_DEVICE_FAMILY = "1,2";
			};
			name = Debug;
		};
/* End XCBuildConfiguration section */

/* Begin XCConfigurationList section */
		77C1F55E6C48D14D03CC642A /* Build configuration list for PBXProject "DebugDylibDemo" */ = {
			isa = XCConfigurationList;
			buildConfigurations = (
				7EA13F0BEAC89BC466AF73F9 /* Debug */,
				7817A45C8B5EBAF1C3F7D8DF /* Release */,
			);
			defaultConfigurationIsVisible = 0;
			defaultConfigurationName = Debug;
		};
		81B8A1E7EC1E12AEAE48B4FA /* Build configuration list for PBXNativeTarget "DebugDylibDemo" */ = {
			isa = XCConfigurationList;
			buildConfigurations = (
				F1DF09E1A6BDE9D922BF837E /* Debug */,
				70A5BBCAB08FB4F058E365F9 /* Release */,
			);
			defaultConfigurationIsVisible = 0;
			defaultConfigurationName = Debug;
		};
		B4EA0CF1D2F96A30E313FDC3 /* Build configuration list for PBXNativeTarget "DebugDylibDemoTests" */ = {
			isa = XCConfigurationList;
			buildConfigurations = (
				7E1D0771648821055CA65CCD /* Debug */,
				6C883C4B3561D8EAB6DD2EE7 /* Release */,
			);
			defaultConfigurationIsVisible = 0;
			defaultConfigurationName = Debug;
		};
/* End XCConfigurationList section */
	};
	rootObject = 7DAC1ED1EF5CBBE7D4F9947E /* Project object */;
}
